
Microsoft Visual Studio Solution File, Format Version 12.00
# Visual Studio Version 17
VisualStudioVersion = 17.9.34701.34
MinimumVisualStudioVersion = 10.0.40219.1
Project("{FAE04EC0-301F-11D3-BF4B-00C04F79EFBC}") = "InfoSystemsLabs", "InfoSystemsLabs.csproj", "{A1BD84C1-DBAD-4486-95D5-3064F7EED241}"
EndProject
Global
	GlobalSection(SolutionConfigurationPlatforms) = preSolution
		Debug|Any CPU = Debug|Any CPU
		Release|Any CPU = Release|Any CPU
	EndGlobalSection
	GlobalSection(ProjectConfigurationPlatforms) = postSolution
		{A1BD84C1-DBAD-4486-95D5-3064F7EED241}.Debug|Any CPU.ActiveCfg = Debug|Any CPU
		{A1BD84C1-DBAD-4486-95D5-3064F7EED241}.Debug|Any CPU.Build.0 = Debug|Any CPU
		{A1BD84C1-DBAD-4486-95D5-3064F7EED241}.Release|Any CPU.ActiveCfg = Release|Any CPU
		{A1BD84C1-DBAD-4486-95D5-3064F7EED241}.Release|Any CPU.Build.0 = Release|Any CPU
	EndGlobalSection
	GlobalSection(SolutionProperties) = preSolution
		HideSolutionNode = FALSE
	EndGlobalSection
	GlobalSection(ExtensibilityGlobals) = postSolution
		SolutionGuid = {1A7D1C94-6819-412C-9E59-88FE16BE8CBD}
	EndGlobalSection
EndGlobal
